# This file is automatically @generated by Wally.
# It is not intended for manual editing.
registry = "test"

[[package]]
name = "bestyear20/chance"
version = "1.0.4"
dependencies = []

[[package]]
name = "carlito-code/dataservice"
version = "0.3.0"
dependencies = [["Janitor", "howmanysmall/janitor@1.18.3"], ["Networker", "leifstout/networker@0.2.1"], ["ProfileStore", "lm-loleris/profilestore@1.0.3"], ["Signal", "sleitnick/signal@2.0.3"]]

[[package]]
name = "evaera/promise"
version = "4.0.0"
dependencies = []

[[package]]
name = "howmanysmall/janitor"
version = "1.18.3"
dependencies = [["Promise", "howmanysmall/typed-promise@4.0.6"]]

[[package]]
name = "howmanysmall/typed-promise"
version = "4.0.6"
dependencies = [["Promise", "evaera/promise@4.0.0"]]

[[package]]
name = "leifs/genrojotree"
version = "0.1.0"
dependencies = [["chance", "bestyear20/chance@1.0.4"], ["dataservice", "carlito-code/dataservice@0.3.0"], ["networker", "leifstout/networker@0.3.0"], ["observers", "sleitnick/observers@0.3.4"], ["promise", "quenty/promise@3.1.2"], ["queue", "nightcycle/queue@2.3.3"], ["shake", "sleitnick/shake@1.1.0"], ["signal", "sleitnick/signal@2.0.3"], ["trove", "sleitnick/trove@1.5.1"], ["zone", "zythdotdev/zone@1.1.0"]]

[[package]]
name = "leifstout/networker"
version = "0.2.1"
dependencies = [["Signal", "sleitnick/signal@2.0.3"]]

[[package]]
name = "leifstout/networker"
version = "0.3.0"
dependencies = [["Signal", "sleitnick/signal@2.0.3"]]

[[package]]
name = "lm-loleris/profilestore"
version = "1.0.3"
dependencies = []

[[package]]
name = "nightcycle/queue"
version = "2.3.3"
dependencies = []

[[package]]
name = "quenty/loader"
version = "3.1.1-canary.140ed9d6.4"
dependencies = []

[[package]]
name = "quenty/maid"
version = "2.0.1-canary.140ed9d6.1"
dependencies = []

[[package]]
name = "quenty/promise"
version = "3.1.2"
dependencies = [["Maid", "quenty/maid@2.0.1-canary.140ed9d6.1"], ["loader", "quenty/loader@3.1.1-canary.140ed9d6.4"]]

[[package]]
name = "sleitnick/observers"
version = "0.3.4"
dependencies = []

[[package]]
name = "sleitnick/shake"
version = "1.1.0"
dependencies = []

[[package]]
name = "sleitnick/signal"
version = "2.0.3"
dependencies = []

[[package]]
name = "sleitnick/trove"
version = "1.5.1"
dependencies = []

[[package]]
name = "zythdotdev/event"
version = "1.0.0"
dependencies = []

[[package]]
name = "zythdotdev/zone"
version = "1.1.0"
dependencies = [["Event", "zythdotdev/event@1.0.0"]]
